
Microsoft Visual Studio Solution File, Format Version 12.00
# Visual Studio Version 17
VisualStudioVersion = 17.3.32922.545
MinimumVisualStudioVersion = 10.0.40219.1
Project("{9A19103F-16F7-4668-BE54-9A1E7A4F7556}") = "Demo", "demo\Demo.csproj", "{1908FA00-24E6-4FAE-BA13-83D5F976888B}"
EndProject
Project("{9A19103F-16F7-4668-BE54-9A1E7A4F7556}") = "Demo.Models", "demo.Models\Demo.Models.csproj", "{0FBF58AF-D3E5-43C7-9A94-157987590328}"
EndProject
Project("{9A19103F-16F7-4668-BE54-9A1E7A4F7556}") = "Demo.Repository", "Demo.Repository\Demo.Repository.csproj", "{03A02C79-AF07-48D5-97BB-D0AF55A98B33}"
EndProject
Project("{9A19103F-16F7-4668-BE54-9A1E7A4F7556}") = "Demo.DTO", "Demo.DTO\Demo.DTO.csproj", "{B2A52B21-7438-4C55-AE4F-C75A71B3B40E}"
EndProject
Project("{9A19103F-16F7-4668-BE54-9A1E7A4F7556}") = "Demo.BUS", "Demo.BUS\Demo.BUS.csproj", "{355D1904-7FBA-4701-AE70-8E5214C61A3F}"
EndProject
Project("{FAE04EC0-301F-11D3-BF4B-00C04F79EFBC}") = "Demo.Helper", "Demo.Helper\Demo.Helper.csproj", "{B413DB37-00D4-4EFF-A34A-8A4F84F075A0}"
EndProject
Global
	GlobalSection(SolutionConfigurationPlatforms) = preSolution
		Debug|Any CPU = Debug|Any CPU
		Release|Any CPU = Release|Any CPU
	EndGlobalSection
	GlobalSection(ProjectConfigurationPlatforms) = postSolution
		{1908FA00-24E6-4FAE-BA13-83D5F976888B}.Debug|Any CPU.ActiveCfg = Debug|Any CPU
		{1908FA00-24E6-4FAE-BA13-83D5F976888B}.Debug|Any CPU.Build.0 = Debug|Any CPU
		{1908FA00-24E6-4FAE-BA13-83D5F976888B}.Release|Any CPU.ActiveCfg = Release|Any CPU
		{1908FA00-24E6-4FAE-BA13-83D5F976888B}.Release|Any CPU.Build.0 = Release|Any CPU
		{0FBF58AF-D3E5-43C7-9A94-157987590328}.Debug|Any CPU.ActiveCfg = Debug|Any CPU
		{0FBF58AF-D3E5-43C7-9A94-157987590328}.Debug|Any CPU.Build.0 = Debug|Any CPU
		{0FBF58AF-D3E5-43C7-9A94-157987590328}.Release|Any CPU.ActiveCfg = Release|Any CPU
		{0FBF58AF-D3E5-43C7-9A94-157987590328}.Release|Any CPU.Build.0 = Release|Any CPU
		{03A02C79-AF07-48D5-97BB-D0AF55A98B33}.Debug|Any CPU.ActiveCfg = Debug|Any CPU
		{03A02C79-AF07-48D5-97BB-D0AF55A98B33}.Debug|Any CPU.Build.0 = Debug|Any CPU
		{03A02C79-AF07-48D5-97BB-D0AF55A98B33}.Release|Any CPU.ActiveCfg = Release|Any CPU
		{03A02C79-AF07-48D5-97BB-D0AF55A98B33}.Release|Any CPU.Build.0 = Release|Any CPU
		{B2A52B21-7438-4C55-AE4F-C75A71B3B40E}.Debug|Any CPU.ActiveCfg = Debug|Any CPU
		{B2A52B21-7438-4C55-AE4F-C75A71B3B40E}.Debug|Any CPU.Build.0 = Debug|Any CPU
		{B2A52B21-7438-4C55-AE4F-C75A71B3B40E}.Release|Any CPU.ActiveCfg = Release|Any CPU
		{B2A52B21-7438-4C55-AE4F-C75A71B3B40E}.Release|Any CPU.Build.0 = Release|Any CPU
		{355D1904-7FBA-4701-AE70-8E5214C61A3F}.Debug|Any CPU.ActiveCfg = Debug|Any CPU
		{355D1904-7FBA-4701-AE70-8E5214C61A3F}.Debug|Any CPU.Build.0 = Debug|Any CPU
		{355D1904-7FBA-4701-AE70-8E5214C61A3F}.Release|Any CPU.ActiveCfg = Release|Any CPU
		{355D1904-7FBA-4701-AE70-8E5214C61A3F}.Release|Any CPU.Build.0 = Release|Any CPU
		{B413DB37-00D4-4EFF-A34A-8A4F84F075A0}.Debug|Any CPU.ActiveCfg = Debug|Any CPU
		{B413DB37-00D4-4EFF-A34A-8A4F84F075A0}.Debug|Any CPU.Build.0 = Debug|Any CPU
		{B413DB37-00D4-4EFF-A34A-8A4F84F075A0}.Release|Any CPU.ActiveCfg = Release|Any CPU
		{B413DB37-00D4-4EFF-A34A-8A4F84F075A0}.Release|Any CPU.Build.0 = Release|Any CPU
	EndGlobalSection
	GlobalSection(SolutionProperties) = preSolution
		HideSolutionNode = FALSE
	EndGlobalSection
	GlobalSection(ExtensibilityGlobals) = postSolution
		SolutionGuid = {C481FAA1-8A73-4A42-ADD1-10B9AB8BCE55}
	EndGlobalSection
EndGlobal
